
Microsoft Visual Studio Solution File, Format Version 12.00
# Visual Studio Version 17
VisualStudioVersion = 17.3.32819.101
MinimumVisualStudioVersion = 10.0.40219.1
Project("{FAE04EC0-301F-11D3-BF4B-00C04F79EFBC}") = "sai3", "sai3\sai3.csproj", "{BBBDE0AF-5717-4C44-80F3-1C7F4A3E91B9}"
EndProject
Global
	GlobalSection(SolutionConfigurationPlatforms) = preSolution
		Debug|Any CPU = Debug|Any CPU
		Release|Any CPU = Release|Any CPU
	EndGlobalSection
	GlobalSection(ProjectConfigurationPlatforms) = postSolution
		{BBBDE0AF-5717-4C44-80F3-1C7F4A3E91B9}.Debug|Any CPU.ActiveCfg = Debug|Any CPU
		{BBBDE0AF-5717-4C44-80F3-1C7F4A3E91B9}.Debug|Any CPU.Build.0 = Debug|Any CPU
		{BBBDE0AF-5717-4C44-80F3-1C7F4A3E91B9}.Release|Any CPU.ActiveCfg = Release|Any CPU
		{BBBDE0AF-5717-4C44-80F3-1C7F4A3E91B9}.Release|Any CPU.Build.0 = Release|Any CPU
	EndGlobalSection
	GlobalSection(SolutionProperties) = preSolution
		HideSolutionNode = FALSE
	EndGlobalSection
	GlobalSection(ExtensibilityGlobals) = postSolution
		SolutionGuid = {03B22EAC-6894-49F9-8C51-F2BF5C6BC636}
	EndGlobalSection
EndGlobal
